
Microsoft Visual Studio Solution File, Format Version 11.00
# Visual Studio 2010
Project("{FAE04EC0-301F-11D3-BF4B-00C04F79EFBC}") = "Assembly-CSharp", "Assembly-CSharp.csproj", "{BDAFCCA3-19D1-06E9-B67E-47377FB89E89}"
EndProject
Project("{FAE04EC0-301F-11D3-BF4B-00C04F79EFBC}") = "Assembly-CSharp-Editor", "Assembly-CSharp-Editor.csproj", "{915E3EC8-37EA-1620-BE2E-0326515A32FE}"
EndProject
Global
	GlobalSection(SolutionConfigurationPlatforms) = preSolution
		Debug|Any CPU = Debug|Any CPU
		Release|Any CPU = Release|Any CPU
	EndGlobalSection
	GlobalSection(ProjectConfigurationPlatforms) = postSolution
		{BDAFCCA3-19D1-06E9-B67E-47377FB89E89}.Debug|Any CPU.ActiveCfg = Debug|Any CPU
		{BDAFCCA3-19D1-06E9-B67E-47377FB89E89}.Debug|Any CPU.Build.0 = Debug|Any CPU
		{BDAFCCA3-19D1-06E9-B67E-47377FB89E89}.Release|Any CPU.ActiveCfg = Release|Any CPU
		{BDAFCCA3-19D1-06E9-B67E-47377FB89E89}.Release|Any CPU.Build.0 = Release|Any CPU
		{915E3EC8-37EA-1620-BE2E-0326515A32FE}.Debug|Any CPU.ActiveCfg = Debug|Any CPU
		{915E3EC8-37EA-1620-BE2E-0326515A32FE}.Debug|Any CPU.Build.0 = Debug|Any CPU
		{915E3EC8-37EA-1620-BE2E-0326515A32FE}.Release|Any CPU.ActiveCfg = Release|Any CPU
		{915E3EC8-37EA-1620-BE2E-0326515A32FE}.Release|Any CPU.Build.0 = Release|Any CPU
	EndGlobalSection
	GlobalSection(SolutionProperties) = preSolution
		HideSolutionNode = FALSE
	EndGlobalSection
EndGlobal
